PODS:
  - Apollo (0.20.0):
    - Apollo/Core (= 0.20.0)
  - Apollo/Core (0.20.0)
  - Auth0 (1.19.3):
    - SimpleKeychain
  - SimpleKeychain (0.9.0)

DEPENDENCIES:
  - Apollo
  - Auth0 (~> 1.19)

SPEC REPOS:
  trunk:
    - Apollo
    - Auth0
    - SimpleKeychain

SPEC CHECKSUMS:
  Apollo: 46b40c7023c1d49f2220a0364cdff8829674d9d3
  Auth0: 195ea089de471c72bf95eb5320ff86c224debf3c
  SimpleKeychain: 3be49072fd2d82de8fa83d847ef1e548622f8fc5

PODFILE CHECKSUM: 58055aae6a21225ac42891fe4856f77eac6fd815

COCOAPODS: 1.8.3
