PODS:
  - Apollo (0.21.0):
    - Apollo/Core (= 0.21.0)
  - Apollo/Core (0.21.0)
  - AppAuth (0.91.0)
  - OktaAuth (0.3.0):
    - AppAuth (~> 0.91.0)

DEPENDENCIES:
  - Apollo
  - OktaAuth (~> 0.1)

SPEC REPOS:
  trunk:
    - Apollo
    - AppAuth
    - OktaAuth

SPEC CHECKSUMS:
  Apollo: 56a0aa81b744bf2810a8277e705f155c91ac9055
  AppAuth: 3e0dc9c00ef333dc62064e4830aa89b597ae8d2f
  OktaAuth: 95067065bc8827b7f4821a77cd15062c438fb95b

PODFILE CHECKSUM: 173db5b192ad9c5ae62f3a67884b3032f31219f9

COCOAPODS: 1.9.1
