PODS:
  - Cloudinary (2.9.0):
    - Cloudinary/ios (= 2.9.0)
  - Cloudinary/ios (2.9.0)
  - JTAppleCalendar (8.0.3)
  - OktaOidc (3.6.1):
    - OktaOidc/AppAuth (= 3.6.1)
    - OktaOidc/Okta (= 3.6.1)
  - OktaOidc/AppAuth (3.6.1)
  - OktaOidc/Okta (3.6.1):
    - OktaOidc/AppAuth
    - OktaOidc/Okta/Classes (= 3.6.1)
  - OktaOidc/Okta/Classes (3.6.1):
    - OktaOidc/AppAuth

DEPENDENCIES:
  - Cloudinary (~> 2.0)
  - JTAppleCalendar
  - OktaOidc

SPEC REPOS:
  trunk:
    - Cloudinary
    - JTAppleCalendar
    - OktaOidc

SPEC CHECKSUMS:
  Cloudinary: 8e9511826bd58df6b14f0c6c042f2c5a034081f4
  JTAppleCalendar: 932cadea40b1051beab10f67843451d48ba16c99
  OktaOidc: 1fe96de259f1a80b2a8f83fa1f1ee222e891ebc2

PODFILE CHECKSUM: af06a8fd217c8cf625e707d1bfb3312d2715971e

COCOAPODS: 1.9.0
